
Microsoft Visual Studio Solution File, Format Version 12.00
# Visual Studio Version 17
VisualStudioVersion = 17.6.33815.320
MinimumVisualStudioVersion = 10.0.40219.1
Project("{FAE04EC0-301F-11D3-BF4B-00C04F79EFBC}") = "ConAppExamples", "ConAppExamples\ConAppExamples.csproj", "{113AE133-C2A9-4F66-BF8C-CC35FB915EF1}"
EndProject
Global
	GlobalSection(SolutionConfigurationPlatforms) = preSolution
		Debug|Any CPU = Debug|Any CPU
		Release|Any CPU = Release|Any CPU
	EndGlobalSection
	GlobalSection(ProjectConfigurationPlatforms) = postSolution
		{113AE133-C2A9-4F66-BF8C-CC35FB915EF1}.Debug|Any CPU.ActiveCfg = Debug|Any CPU
		{113AE133-C2A9-4F66-BF8C-CC35FB915EF1}.Debug|Any CPU.Build.0 = Debug|Any CPU
		{113AE133-C2A9-4F66-BF8C-CC35FB915EF1}.Release|Any CPU.ActiveCfg = Release|Any CPU
		{113AE133-C2A9-4F66-BF8C-CC35FB915EF1}.Release|Any CPU.Build.0 = Release|Any CPU
	EndGlobalSection
	GlobalSection(SolutionProperties) = preSolution
		HideSolutionNode = FALSE
	EndGlobalSection
	GlobalSection(ExtensibilityGlobals) = postSolution
		SolutionGuid = {1D03286B-DF02-4F04-886A-975B1C1FFBE2}
	EndGlobalSection
EndGlobal
