
Microsoft Visual Studio Solution File, Format Version 12.00
# Visual Studio Version 17
VisualStudioVersion = 17.6.33815.320
MinimumVisualStudioVersion = 10.0.40219.1
Project("{FAE04EC0-301F-11D3-BF4B-00C04F79EFBC}") = "ConAppList", "ConAppList\ConAppList.csproj", "{FBEABD84-C367-4DC0-9610-79809AE23648}"
EndProject
Global
	GlobalSection(SolutionConfigurationPlatforms) = preSolution
		Debug|Any CPU = Debug|Any CPU
		Release|Any CPU = Release|Any CPU
	EndGlobalSection
	GlobalSection(ProjectConfigurationPlatforms) = postSolution
		{FBEABD84-C367-4DC0-9610-79809AE23648}.Debug|Any CPU.ActiveCfg = Debug|Any CPU
		{FBEABD84-C367-4DC0-9610-79809AE23648}.Debug|Any CPU.Build.0 = Debug|Any CPU
		{FBEABD84-C367-4DC0-9610-79809AE23648}.Release|Any CPU.ActiveCfg = Release|Any CPU
		{FBEABD84-C367-4DC0-9610-79809AE23648}.Release|Any CPU.Build.0 = Release|Any CPU
	EndGlobalSection
	GlobalSection(SolutionProperties) = preSolution
		HideSolutionNode = FALSE
	EndGlobalSection
	GlobalSection(ExtensibilityGlobals) = postSolution
		SolutionGuid = {728048C5-73E1-4740-BCBB-D4DE3A8924B7}
	EndGlobalSection
EndGlobal
