
Microsoft Visual Studio Solution File, Format Version 12.00
# Visual Studio Version 17
VisualStudioVersion = 17.6.33815.320
MinimumVisualStudioVersion = 10.0.40219.1
Project("{FAE04EC0-301F-11D3-BF4B-00C04F79EFBC}") = "ConAppSimpleInterfaceEx", "ConAppSimpleInterfaceEx\ConAppSimpleInterfaceEx.csproj", "{522F2622-3F07-4618-A564-229EE8720451}"
EndProject
Global
	GlobalSection(SolutionConfigurationPlatforms) = preSolution
		Debug|Any CPU = Debug|Any CPU
		Release|Any CPU = Release|Any CPU
	EndGlobalSection
	GlobalSection(ProjectConfigurationPlatforms) = postSolution
		{522F2622-3F07-4618-A564-229EE8720451}.Debug|Any CPU.ActiveCfg = Debug|Any CPU
		{522F2622-3F07-4618-A564-229EE8720451}.Debug|Any CPU.Build.0 = Debug|Any CPU
		{522F2622-3F07-4618-A564-229EE8720451}.Release|Any CPU.ActiveCfg = Release|Any CPU
		{522F2622-3F07-4618-A564-229EE8720451}.Release|Any CPU.Build.0 = Release|Any CPU
	EndGlobalSection
	GlobalSection(SolutionProperties) = preSolution
		HideSolutionNode = FALSE
	EndGlobalSection
	GlobalSection(ExtensibilityGlobals) = postSolution
		SolutionGuid = {1ED889CD-51CB-44DD-8D1D-7ADD78EEA0E6}
	EndGlobalSection
EndGlobal
